
Microsoft Visual Studio Solution File, Format Version 12.00
# Visual Studio Version 17
VisualStudioVersion = 17.5.33516.290
MinimumVisualStudioVersion = 10.0.40219.1
Project("{8BC9CEB8-8B4A-11D0-8D11-00A0C91BC942}") = "PublicPrivateKeyGenerator", "PublicPrivateKeyGenerator.vcxproj", "{718B07BB-C469-4935-95B5-571485DED1D7}"
EndProject
Global
	GlobalSection(SolutionConfigurationPlatforms) = preSolution
		Debug|ARM = Debug|ARM
		Debug|ARM64 = Debug|ARM64
		Release|ARM = Release|ARM
		Release|ARM64 = Release|ARM64
	EndGlobalSection
	GlobalSection(ProjectConfigurationPlatforms) = postSolution
		{718B07BB-C469-4935-95B5-571485DED1D7}.Debug|ARM.ActiveCfg = Debug|ARM
		{718B07BB-C469-4935-95B5-571485DED1D7}.Debug|ARM.Build.0 = Debug|ARM
		{718B07BB-C469-4935-95B5-571485DED1D7}.Debug|ARM.Deploy.0 = Debug|ARM
		{718B07BB-C469-4935-95B5-571485DED1D7}.Debug|ARM64.ActiveCfg = Debug|ARM64
		{718B07BB-C469-4935-95B5-571485DED1D7}.Debug|ARM64.Build.0 = Debug|ARM64
		{718B07BB-C469-4935-95B5-571485DED1D7}.Debug|ARM64.Deploy.0 = Debug|ARM64
		{718B07BB-C469-4935-95B5-571485DED1D7}.Release|ARM.ActiveCfg = Release|ARM
		{718B07BB-C469-4935-95B5-571485DED1D7}.Release|ARM.Build.0 = Release|ARM
		{718B07BB-C469-4935-95B5-571485DED1D7}.Release|ARM.Deploy.0 = Release|ARM
		{718B07BB-C469-4935-95B5-571485DED1D7}.Release|ARM64.ActiveCfg = Release|ARM64
		{718B07BB-C469-4935-95B5-571485DED1D7}.Release|ARM64.Build.0 = Release|ARM64
		{718B07BB-C469-4935-95B5-571485DED1D7}.Release|ARM64.Deploy.0 = Release|ARM64
	EndGlobalSection
	GlobalSection(SolutionProperties) = preSolution
		HideSolutionNode = FALSE
	EndGlobalSection
	GlobalSection(ExtensibilityGlobals) = postSolution
		SolutionGuid = {506B9E0B-FC40-4785-8A95-441E86074539}
	EndGlobalSection
EndGlobal
